
Microsoft Visual Studio Solution File, Format Version 12.00
# Visual Studio Version 17
VisualStudioVersion = 17.9.34902.65
MinimumVisualStudioVersion = 10.0.40219.1
Project("{FAE04EC0-301F-11D3-BF4B-00C04F79EFBC}") = "Pagos360ApiClientLibrary", "Pagos360ApiClientLibrary.csproj", "{FC3CED4F-C054-411C-A798-391D5BCED97A}"
EndProject
Global
	GlobalSection(SolutionConfigurationPlatforms) = preSolution
		Debug|Any CPU = Debug|Any CPU
		Release|Any CPU = Release|Any CPU
	EndGlobalSection
	GlobalSection(ProjectConfigurationPlatforms) = postSolution
		{FC3CED4F-C054-411C-A798-391D5BCED97A}.Debug|Any CPU.ActiveCfg = Debug|Any CPU
		{FC3CED4F-C054-411C-A798-391D5BCED97A}.Debug|Any CPU.Build.0 = Debug|Any CPU
		{FC3CED4F-C054-411C-A798-391D5BCED97A}.Release|Any CPU.ActiveCfg = Release|Any CPU
		{FC3CED4F-C054-411C-A798-391D5BCED97A}.Release|Any CPU.Build.0 = Release|Any CPU
	EndGlobalSection
	GlobalSection(SolutionProperties) = preSolution
		HideSolutionNode = FALSE
	EndGlobalSection
	GlobalSection(ExtensibilityGlobals) = postSolution
		SolutionGuid = {8AC26FD7-9FC5-4E39-A2D1-DCD2308EE80B}
	EndGlobalSection
EndGlobal
